{
  "nodes": {
    "flake-compat": {
      "flake": false,
      "locked": {
        "lastModified": 1767039857,
        "narHash": "sha256-vNpUSpF5Nuw8xvDLj2KCwwksIbjua2LZCqhV1LNRDns=",
        "owner": "edolstra",
        "repo": "flake-compat",
        "rev": "5edf11c44bc78a0d334f6334cdaf7d60d732daab",
        "type": "github"
      },
      "original": {
        "owner": "edolstra",
        "repo": "flake-compat",
        "type": "github"
      }
    },
    "ghostty": {
      "inputs": {
        "flake-compat": "flake-compat",
        "home-manager": "home-manager",
        "nixpkgs": [
          "nixpkgs"
        ],
        "systems": "systems",
        "zig": "zig",
        "zon2nix": "zon2nix"
      },
      "locked": {
        "lastModified": 1791561471,
        "narHash": "sha256-2oaUEe4kpd78bwM61Pl2+tDrW3Pbjtk1dOmzX7zngL0=",
        "owner": "ghostty-org",
        "repo": "ghostty",
        "rev": "246f702876b924a1cb7cade1e99274d1470302fc",
        "type": "github"
      },
      "original": {
        "owner": "ghostty-org",
        "repo": "ghostty",
        "type": "github"
      }
    },
    "home-manager": {
      "inputs": {
        "nixpkgs": [
          "ghostty",
          "nixpkgs"
        ]
      },
      "locked": {
        "lastModified": 1787661347,
        "narHash": "sha256-THmnBAdAIV+jT348f3r/vyoeb6ilhcVLwVXkBU7Pai8=",
        "owner": "nix-community",
        "repo": "home-manager",
        "rev": "52c3a5881c821ad7367bbde075e52b76cdb378ab",
        "type": "github"
      },
      "original": {
        "owner": "nix-community",
        "repo": "home-manager",
        "type": "github"
      }
    },
    "niri": {
      "inputs": {
        "nixpkgs": [
          "nixpkgs"
        ]
      },
      "locked": {
        "lastModified": 1790897538,
        "narHash": "sha256-5x9gWuh7u6bJtFJM9tLkG1gJExn4zxdk8w0QGROfLrA=",
        "owner": "soulvice",
        "repo": "niri",
        "rev": "664a6e89ad9d9c2ec3edcfa4d9b0c5e941f90041",
        "type": "github"
      },
      "original": {
        "owner": "soulvice",
        "repo": "niri",
        "type": "github"
      }
    },
    "niri-flake": {
      "inputs": {
        "nixpkgs": [
          "nixpkgs"
        ]
      },
      "locked": {
        "lastModified": 1791377855,
        "narHash": "sha256-WckLV3umPWY7IZBog2ZLfOS0cxdHXiezXBj1zZcvHoY=",
        "owner": "soulvice",
        "repo": "niri-flake",
        "rev": "572a1a26f76110d8fa4f2708f336fc8471fed90e",
        "type": "github"
      },
      "original": {
        "owner": "soulvice",
        "repo": "niri-flake",
        "type": "github"
      }
    },
    "niri-mainline": {
      "inputs": {
        "nixpkgs": "nixpkgs"
      },
      "locked": {
        "lastModified": 1791441120,
        "narHash": "sha256-jkcaNdBLDeZfzshaXQhE0j7MHV5M9tmvrrH1IF4ighE=",
        "owner": "niri-wm",
        "repo": "niri",
        "rev": "2c82b77a7116a1241ea2fd41dd008ff00b609aae",
        "type": "github"
      },
      "original": {
        "owner": "niri-wm",
        "repo": "niri",
        "type": "github"
      }
    },
    "nixpkgs": {
      "locked": {
        "lastModified": 1785110946,
        "narHash": "sha256-WWuWxmXKzGZWryswWlijP3Mjp6aGy4Ngmeil5nGMMjk=",
        "owner": "NixOS",
        "repo": "nixpkgs",
        "rev": "d3498f786f97ac0bded21b34bae0bf3809b45aa3",
        "type": "github"
      },
      "original": {
        "owner": "NixOS",
        "ref": "nixpkgs-unstable",
        "repo": "nixpkgs",
        "type": "github"
      }
    },
    "nixpkgs-libxml2": {
      "locked": {
        "lastModified": 1751274312,
        "narHash": "sha256-/bVBlRpECLVzjV19t5KMdMFWSwKLtb5RyXdjz3LJT+g=",
        "owner": "NixOS",
        "repo": "nixpkgs",
        "rev": "50ab793786d9de88ee30ec4e4c24fb4236fc2674",
        "type": "github"
      },
      "original": {
        "owner": "NixOS",
        "ref": "nixos-24.11",
        "repo": "nixpkgs",
        "type": "github"
      }
    },
    "nixpkgs-libxml2_2": {
      "locked": {
        "lastModified": 1751274312,
        "narHash": "sha256-/bVBlRpECLVzjV19t5KMdMFWSwKLtb5RyXdjz3LJT+g=",
        "owner": "NixOS",
        "repo": "nixpkgs",
        "rev": "50ab793786d9de88ee30ec4e4c24fb4236fc2674",
        "type": "github"
      },
      "original": {
        "owner": "NixOS",
        "ref": "nixos-24.11",
        "repo": "nixpkgs",
        "type": "github"
      }
    },
    "nixpkgs_2": {
      "locked": {
        "lastModified": 1791456040,
        "narHash": "sha256-H83yz/do+hjOO0uujHyH8RgtIQP2v7Mw+cLwcZK/xKc=",
        "owner": "NixOS",
        "repo": "nixpkgs",
        "rev": "e7439b6b14ad3cc35d05608ebca9bce01a25f5f8",
        "type": "github"
      },
      "original": {
        "owner": "NixOS",
        "ref": "nixos-unstable",
        "repo": "nixpkgs",
        "type": "github"
      }
    },
    "numen": {
      "inputs": {
        "nixpkgs": [
          "vicinae",
          "nixpkgs"
        ]
      },
      "locked": {
        "lastModified": 1790166579,
        "narHash": "sha256-+mz4dMdNgEx/GfGophP2B1WCrWonBrFFM1cF+pEz2h8=",
        "owner": "vicinaehq",
        "repo": "numen",
        "rev": "7db7b2069412d3f6bed4b0cf83167c7ad413f231",
        "type": "github"
      },
      "original": {
        "owner": "vicinaehq",
        "ref": "v0.7.0",
        "repo": "numen",
        "type": "github"
      }
    },
    "numen_2": {
      "inputs": {
        "nixpkgs": [
          "vicinae-extensions-soulvice",
          "vicinae",
          "nixpkgs"
        ]
      },
      "locked": {
        "lastModified": 1790166579,
        "narHash": "sha256-+mz4dMdNgEx/GfGophP2B1WCrWonBrFFM1cF+pEz2h8=",
        "owner": "vicinaehq",
        "repo": "numen",
        "rev": "7db7b2069412d3f6bed4b0cf83167c7ad413f231",
        "type": "github"
      },
      "original": {
        "owner": "vicinaehq",
        "ref": "v0.7.0",
        "repo": "numen",
        "type": "github"
      }
    },
    "root": {
      "inputs": {
        "ghostty": "ghostty",
        "niri": "niri",
        "niri-flake": "niri-flake",
        "niri-mainline": "niri-mainline",
        "nixpkgs": "nixpkgs_2",
        "sf-mono-liga-src": "sf-mono-liga-src",
        "vicinae": "vicinae",
        "vicinae-extensions-soulvice": "vicinae-extensions-soulvice"
      }
    },
    "sf-mono-liga-src": {
      "flake": false,
      "locked": {
        "lastModified": 1688258025,
        "narHash": "sha256-AYjKrVLISsJWXN6Cj74wXmbJtREkFDYOCRw1t2nVH2w=",
        "owner": "shaunsingh",
        "repo": "SFMono-Nerd-Font-Ligaturized",
        "rev": "dc5a3e6fcc2e16ad476b7be3c3c17c2273b260ea",
        "type": "github"
      },
      "original": {
        "owner": "shaunsingh",
        "repo": "SFMono-Nerd-Font-Ligaturized",
        "type": "github"
      }
    },
    "soulver-cpp": {
      "inputs": {
        "nixpkgs": [
          "vicinae",
          "nixpkgs"
        ],
        "nixpkgs-libxml2": "nixpkgs-libxml2"
      },
      "locked": {
        "lastModified": 1783621734,
        "narHash": "sha256-YBFO+aurlz2y2hTRN1Kl0RjX6JzHn0mYBmt4zb436Yg=",
        "owner": "vicinaehq",
        "repo": "soulver-cpp",
        "rev": "00e926e2bd03118638c88981f6a67bfa107210c2",
        "type": "github"
      },
      "original": {
        "owner": "vicinaehq",
        "repo": "soulver-cpp",
        "type": "github"
      }
    },
    "soulver-cpp_2": {
      "inputs": {
        "nixpkgs": [
          "vicinae-extensions-soulvice",
          "vicinae",
          "nixpkgs"
        ],
        "nixpkgs-libxml2": "nixpkgs-libxml2_2"
      },
      "locked": {
        "lastModified": 1783621734,
        "narHash": "sha256-YBFO+aurlz2y2hTRN1Kl0RjX6JzHn0mYBmt4zb436Yg=",
        "owner": "vicinaehq",
        "repo": "soulver-cpp",
        "rev": "00e926e2bd03118638c88981f6a67bfa107210c2",
        "type": "github"
      },
      "original": {
        "owner": "vicinaehq",
        "repo": "soulver-cpp",
        "type": "github"
      }
    },
    "systems": {
      "flake": false,
      "locked": {
        "lastModified": 1681028828,
        "narHash": "sha256-Vy1rq5AaRuLzOxct8nz4T6wlgyUR7zLU309k9mBC768=",
        "owner": "nix-systems",
        "repo": "default",
        "rev": "da67096a3b9bf56a91d16901293e51ba5b49a27e",
        "type": "github"
      },
      "original": {
        "owner": "nix-systems",
        "repo": "default",
        "type": "github"
      }
    },
    "systems_2": {
      "locked": {
        "lastModified": 1681028828,
        "narHash": "sha256-Vy1rq5AaRuLzOxct8nz4T6wlgyUR7zLU309k9mBC768=",
        "owner": "nix-systems",
        "repo": "default",
        "rev": "da67096a3b9bf56a91d16901293e51ba5b49a27e",
        "type": "github"
      },
      "original": {
        "owner": "nix-systems",
        "repo": "default",
        "type": "github"
      }
    },
    "systems_3": {
      "locked": {
        "lastModified": 1791244623,
        "narHash": "sha256-uuanbkFk8a313Zfrxdcz8Us/yQtaxNnKJtX8v0ZPpd8=",
        "owner": "nix-systems",
        "repo": "default",
        "rev": "d36eeed142f88b5a636f2e3856a53c61654cf29b",
        "type": "github"
      },
      "original": {
        "owner": "nix-systems",
        "repo": "default",
        "type": "github"
      }
    },
    "vicinae": {
      "inputs": {
        "nixpkgs": [
          "nixpkgs"
        ],
        "numen": "numen",
        "soulver-cpp": "soulver-cpp",
        "systems": "systems_2"
      },
      "locked": {
        "lastModified": 1791566048,
        "narHash": "sha256-vVJkjPueXgA1kAsgJgkfgQ87qmMxWjhtkzNmV6olBAg=",
        "owner": "vicinaehq",
        "repo": "vicinae",
        "rev": "28ac1efa8865b080bf223b337e1e99df63c2d4b2",
        "type": "github"
      },
      "original": {
        "owner": "vicinaehq",
        "repo": "vicinae",
        "type": "github"
      }
    },
    "vicinae-extensions-soulvice": {
      "inputs": {
        "nixpkgs": [
          "nixpkgs"
        ],
        "systems": "systems_3",
        "vicinae": "vicinae_2"
      },
      "locked": {
        "lastModified": 1780320551,
        "narHash": "sha256-QmAqwCEHWVlDNMpNJMubjAaSJp1IWyH8Nm3l83r0tws=",
        "owner": "soulvice",
        "repo": "vicinae-extensions",
        "rev": "aa1d2918e5615beb65e49d7518948753f60ef6c2",
        "type": "github"
      },
      "original": {
        "owner": "soulvice",
        "repo": "vicinae-extensions",
        "type": "github"
      }
    },
    "vicinae_2": {
      "inputs": {
        "nixpkgs": [
          "vicinae-extensions-soulvice",
          "nixpkgs"
        ],
        "numen": "numen_2",
        "soulver-cpp": "soulver-cpp_2",
        "systems": [
          "vicinae-extensions-soulvice",
          "systems"
        ]
      },
      "locked": {
        "lastModified": 1791566048,
        "narHash": "sha256-vVJkjPueXgA1kAsgJgkfgQ87qmMxWjhtkzNmV6olBAg=",
        "owner": "vicinaehq",
        "repo": "vicinae",
        "rev": "28ac1efa8865b080bf223b337e1e99df63c2d4b2",
        "type": "github"
      },
      "original": {
        "owner": "vicinaehq",
        "repo": "vicinae",
        "type": "github"
      }
    },
    "zig": {
      "inputs": {
        "flake-compat": [
          "ghostty",
          "flake-compat"
        ],
        "nixpkgs": [
          "ghostty",
          "nixpkgs"
        ],
        "systems": [
          "ghostty",
          "systems"
        ]
      },
      "locked": {
        "lastModified": 1787617283,
        "narHash": "sha256-jiM1glpDL5ASrqvcWyacI+c1wZo3g6AUhdo6M09AoiY=",
        "owner": "mitchellh",
        "repo": "zig-overlay",
        "rev": "da55b9fe9260fb3eb1456c3ee6064b8f738e4ba9",
        "type": "github"
      },
      "original": {
        "owner": "mitchellh",
        "repo": "zig-overlay",
        "type": "github"
      }
    },
    "zon2nix": {
      "inputs": {
        "nixpkgs": [
          "ghostty",
          "nixpkgs"
        ]
      },
      "locked": {
        "lastModified": 1790583033,
        "narHash": "sha256-Eo3hR521Yc2Gsqw7m/aqd5sn3/qi0XoSpJBIPPIYKkg=",
        "owner": "jcollie",
        "repo": "zon2nix",
        "rev": "8e91c0d44aa49d0ac415f7e3046662e9aa754335",
        "type": "github"
      },
      "original": {
        "owner": "jcollie",
        "ref": "v0.9.0",
        "repo": "zon2nix",
        "type": "github"
      }
    }
  },
  "root": "root",
  "version": 7
}
